
Microsoft Visual Studio Solution File, Format Version 12.00
# Visual Studio Version 17
VisualStudioVersion = 17.0.31903.59
MinimumVisualStudioVersion = 10.0.40219.1
Project("{2150E333-8FDC-42A3-9474-1A3956D46DE8}") = "src", "src", "{827E0CD3-B72D-47B6-A68D-7590B98EB39B}"
EndProject
Project("{FAE04EC0-301F-11D3-BF4B-00C04F79EFBC}") = "AcqEngine.Core", "src\AcqEngine.Core\AcqEngine.Core.csproj", "{442C6020-A88C-4CA4-8F04-056F5D0FE1A0}"
EndProject
Project("{FAE04EC0-301F-11D3-BF4B-00C04F79EFBC}") = "AcqEngine.DeviceSdk", "src\AcqEngine.DeviceSdk\AcqEngine.DeviceSdk.csproj", "{681B0432-ACFF-43A7-B7A7-85C1B7D90555}"
EndProject
Project("{FAE04EC0-301F-11D3-BF4B-00C04F79EFBC}") = "AcqEngine.Diagnostics", "src\AcqEngine.Diagnostics\AcqEngine.Diagnostics.csproj", "{1FF9D7B1-1238-4592-B976-5A8E535E20AD}"
EndProject
Project("{FAE04EC0-301F-11D3-BF4B-00C04F79EFBC}") = "AcqEngine.Host", "src\AcqEngine.Host\AcqEngine.Host.csproj", "{E7C66E81-E1A5-49F3-A7A6-24D823D10C79}"
EndProject
Project("{FAE04EC0-301F-11D3-BF4B-00C04F79EFBC}") = "AcqEngine.Processing", "src\AcqEngine.Processing\AcqEngine.Processing.csproj", "{53A5D26F-DF5D-4766-A28D-AF50DC8EFAE9}"
EndProject
Project("{FAE04EC0-301F-11D3-BF4B-00C04F79EFBC}") = "AcqEngine.Replay", "src\AcqEngine.Replay\AcqEngine.Replay.csproj", "{A8BE4FF7-B289-4B4C-94D7-DF84182A3B5E}"
EndProject
Project("{FAE04EC0-301F-11D3-BF4B-00C04F79EFBC}") = "AcqEngine.Storage.Abstractions", "src\AcqEngine.Storage.Abstractions\AcqEngine.Storage.Abstractions.csproj", "{A213A750-EF7F-44F8-A29F-A2C91939E50E}"
EndProject
Project("{FAE04EC0-301F-11D3-BF4B-00C04F79EFBC}") = "AcqEngine.Storage.Hdf5", "src\AcqEngine.Storage.Hdf5\AcqEngine.Storage.Hdf5.csproj", "{34268D7D-5E4A-4334-9625-9C08D383C92A}"
EndProject
Project("{FAE04EC0-301F-11D3-BF4B-00C04F79EFBC}") = "AcqEngine.Storage.Tdms", "src\AcqEngine.Storage.Tdms\AcqEngine.Storage.Tdms.csproj", "{760972FD-B031-4FC5-96DE-3875ACBD359E}"
EndProject
Project("{FAE04EC0-301F-11D3-BF4B-00C04F79EFBC}") = "AcqShell.Contracts", "src\AcqShell.Contracts\AcqShell.Contracts.csproj", "{88AAE3CC-A47C-4F89-A336-213EBC19AC6B}"
EndProject
Project("{FAE04EC0-301F-11D3-BF4B-00C04F79EFBC}") = "AcqShell.UI", "src\AcqShell.UI\AcqShell.UI.csproj", "{C9EBD50E-A9B9-4ABA-B746-56108C6BCEDB}"
EndProject
Project("{FAE04EC0-301F-11D3-BF4B-00C04F79EFBC}") = "AcqEngine.Tests", "tests\AcqEngine.Tests\AcqEngine.Tests.csproj", "{EABCA48E-D15A-4155-9AEB-E036D3D7D3B8}"
EndProject
Global
	GlobalSection(SolutionConfigurationPlatforms) = preSolution
		Debug|Any CPU = Debug|Any CPU
		Debug|x64 = Debug|x64
		Debug|x86 = Debug|x86
		Release|Any CPU = Release|Any CPU
		Release|x64 = Release|x64
		Release|x86 = Release|x86
	EndGlobalSection
	GlobalSection(ProjectConfigurationPlatforms) = postSolution
		{442C6020-A88C-4CA4-8F04-056F5D0FE1A0}.Debug|Any CPU.ActiveCfg = Debug|Any CPU
		{442C6020-A88C-4CA4-8F04-056F5D0FE1A0}.Debug|Any CPU.Build.0 = Debug|Any CPU
		{442C6020-A88C-4CA4-8F04-056F5D0FE1A0}.Debug|x64.ActiveCfg = Debug|Any CPU
		{442C6020-A88C-4CA4-8F04-056F5D0FE1A0}.Debug|x64.Build.0 = Debug|Any CPU
		{442C6020-A88C-4CA4-8F04-056F5D0FE1A0}.Debug|x86.ActiveCfg = Debug|Any CPU
		{442C6020-A88C-4CA4-8F04-056F5D0FE1A0}.Debug|x86.Build.0 = Debug|Any CPU
		{442C6020-A88C-4CA4-8F04-056F5D0FE1A0}.Release|Any CPU.ActiveCfg = Release|Any CPU
		{442C6020-A88C-4CA4-8F04-056F5D0FE1A0}.Release|Any CPU.Build.0 = Release|Any CPU
		{442C6020-A88C-4CA4-8F04-056F5D0FE1A0}.Release|x64.ActiveCfg = Release|Any CPU
		{442C6020-A88C-4CA4-8F04-056F5D0FE1A0}.Release|x64.Build.0 = Release|Any CPU
		{442C6020-A88C-4CA4-8F04-056F5D0FE1A0}.Release|x86.ActiveCfg = Release|Any CPU
		{442C6020-A88C-4CA4-8F04-056F5D0FE1A0}.Release|x86.Build.0 = Release|Any CPU
		{681B0432-ACFF-43A7-B7A7-85C1B7D90555}.Debug|Any CPU.ActiveCfg = Debug|Any CPU
		{681B0432-ACFF-43A7-B7A7-85C1B7D90555}.Debug|Any CPU.Build.0 = Debug|Any CPU
		{681B0432-ACFF-43A7-B7A7-85C1B7D90555}.Debug|x64.ActiveCfg = Debug|Any CPU
		{681B0432-ACFF-43A7-B7A7-85C1B7D90555}.Debug|x64.Build.0 = Debug|Any CPU
		{681B0432-ACFF-43A7-B7A7-85C1B7D90555}.Debug|x86.ActiveCfg = Debug|Any CPU
		{681B0432-ACFF-43A7-B7A7-85C1B7D90555}.Debug|x86.Build.0 = Debug|Any CPU
		{681B0432-ACFF-43A7-B7A7-85C1B7D90555}.Release|Any CPU.ActiveCfg = Release|Any CPU
		{681B0432-ACFF-43A7-B7A7-85C1B7D90555}.Release|Any CPU.Build.0 = Release|Any CPU
		{681B0432-ACFF-43A7-B7A7-85C1B7D90555}.Release|x64.ActiveCfg = Release|Any CPU
		{681B0432-ACFF-43A7-B7A7-85C1B7D90555}.Release|x64.Build.0 = Release|Any CPU
		{681B0432-ACFF-43A7-B7A7-85C1B7D90555}.Release|x86.ActiveCfg = Release|Any CPU
		{681B0432-ACFF-43A7-B7A7-85C1B7D90555}.Release|x86.Build.0 = Release|Any CPU
		{1FF9D7B1-1238-4592-B976-5A8E535E20AD}.Debug|Any CPU.ActiveCfg = Debug|Any CPU
		{1FF9D7B1-1238-4592-B976-5A8E535E20AD}.Debug|Any CPU.Build.0 = Debug|Any CPU
		{1FF9D7B1-1238-4592-B976-5A8E535E20AD}.Debug|x64.ActiveCfg = Debug|Any CPU
		{1FF9D7B1-1238-4592-B976-5A8E535E20AD}.Debug|x64.Build.0 = Debug|Any CPU
		{1FF9D7B1-1238-4592-B976-5A8E535E20AD}.Debug|x86.ActiveCfg = Debug|Any CPU
		{1FF9D7B1-1238-4592-B976-5A8E535E20AD}.Debug|x86.Build.0 = Debug|Any CPU
		{1FF9D7B1-1238-4592-B976-5A8E535E20AD}.Release|Any CPU.ActiveCfg = Release|Any CPU
		{1FF9D7B1-1238-4592-B976-5A8E535E20AD}.Release|Any CPU.Build.0 = Release|Any CPU
		{1FF9D7B1-1238-4592-B976-5A8E535E20AD}.Release|x64.ActiveCfg = Release|Any CPU
		{1FF9D7B1-1238-4592-B976-5A8E535E20AD}.Release|x64.Build.0 = Release|Any CPU
		{1FF9D7B1-1238-4592-B976-5A8E535E20AD}.Release|x86.ActiveCfg = Release|Any CPU
		{1FF9D7B1-1238-4592-B976-5A8E535E20AD}.Release|x86.Build.0 = Release|Any CPU
		{E7C66E81-E1A5-49F3-A7A6-24D823D10C79}.Debug|Any CPU.ActiveCfg = Debug|Any CPU
		{E7C66E81-E1A5-49F3-A7A6-24D823D10C79}.Debug|Any CPU.Build.0 = Debug|Any CPU
		{E7C66E81-E1A5-49F3-A7A6-24D823D10C79}.Debug|x64.ActiveCfg = Debug|Any CPU
		{E7C66E81-E1A5-49F3-A7A6-24D823D10C79}.Debug|x64.Build.0 = Debug|Any CPU
		{E7C66E81-E1A5-49F3-A7A6-24D823D10C79}.Debug|x86.ActiveCfg = Debug|Any CPU
		{E7C66E81-E1A5-49F3-A7A6-24D823D10C79}.Debug|x86.Build.0 = Debug|Any CPU
		{E7C66E81-E1A5-49F3-A7A6-24D823D10C79}.Release|Any CPU.ActiveCfg = Release|Any CPU
		{E7C66E81-E1A5-49F3-A7A6-24D823D10C79}.Release|Any CPU.Build.0 = Release|Any CPU
		{E7C66E81-E1A5-49F3-A7A6-24D823D10C79}.Release|x64.ActiveCfg = Release|Any CPU
		{E7C66E81-E1A5-49F3-A7A6-24D823D10C79}.Release|x64.Build.0 = Release|Any CPU
		{E7C66E81-E1A5-49F3-A7A6-24D823D10C79}.Release|x86.ActiveCfg = Release|Any CPU
		{E7C66E81-E1A5-49F3-A7A6-24D823D10C79}.Release|x86.Build.0 = Release|Any CPU
		{53A5D26F-DF5D-4766-A28D-AF50DC8EFAE9}.Debug|Any CPU.ActiveCfg = Debug|Any CPU
		{53A5D26F-DF5D-4766-A28D-AF50DC8EFAE9}.Debug|Any CPU.Build.0 = Debug|Any CPU
		{53A5D26F-DF5D-4766-A28D-AF50DC8EFAE9}.Debug|x64.ActiveCfg = Debug|Any CPU
		{53A5D26F-DF5D-4766-A28D-AF50DC8EFAE9}.Debug|x64.Build.0 = Debug|Any CPU
		{53A5D26F-DF5D-4766-A28D-AF50DC8EFAE9}.Debug|x86.ActiveCfg = Debug|Any CPU
		{53A5D26F-DF5D-4766-A28D-AF50DC8EFAE9}.Debug|x86.Build.0 = Debug|Any CPU
		{53A5D26F-DF5D-4766-A28D-AF50DC8EFAE9}.Release|Any CPU.ActiveCfg = Release|Any CPU
		{53A5D26F-DF5D-4766-A28D-AF50DC8EFAE9}.Release|Any CPU.Build.0 = Release|Any CPU
		{53A5D26F-DF5D-4766-A28D-AF50DC8EFAE9}.Release|x64.ActiveCfg = Release|Any CPU
		{53A5D26F-DF5D-4766-A28D-AF50DC8EFAE9}.Release|x64.Build.0 = Release|Any CPU
		{53A5D26F-DF5D-4766-A28D-AF50DC8EFAE9}.Release|x86.ActiveCfg = Release|Any CPU
		{53A5D26F-DF5D-4766-A28D-AF50DC8EFAE9}.Release|x86.Build.0 = Release|Any CPU
		{A8BE4FF7-B289-4B4C-94D7-DF84182A3B5E}.Debug|Any CPU.ActiveCfg = Debug|Any CPU
		{A8BE4FF7-B289-4B4C-94D7-DF84182A3B5E}.Debug|Any CPU.Build.0 = Debug|Any CPU
		{A8BE4FF7-B289-4B4C-94D7-DF84182A3B5E}.Debug|x64.ActiveCfg = Debug|Any CPU
		{A8BE4FF7-B289-4B4C-94D7-DF84182A3B5E}.Debug|x64.Build.0 = Debug|Any CPU
		{A8BE4FF7-B289-4B4C-94D7-DF84182A3B5E}.Debug|x86.ActiveCfg = Debug|Any CPU
		{A8BE4FF7-B289-4B4C-94D7-DF84182A3B5E}.Debug|x86.Build.0 = Debug|Any CPU
		{A8BE4FF7-B289-4B4C-94D7-DF84182A3B5E}.Release|Any CPU.ActiveCfg = Release|Any CPU
		{A8BE4FF7-B289-4B4C-94D7-DF84182A3B5E}.Release|Any CPU.Build.0 = Release|Any CPU
		{A8BE4FF7-B289-4B4C-94D7-DF84182A3B5E}.Release|x64.ActiveCfg = Release|Any CPU
		{A8BE4FF7-B289-4B4C-94D7-DF84182A3B5E}.Release|x64.Build.0 = Release|Any CPU
		{A8BE4FF7-B289-4B4C-94D7-DF84182A3B5E}.Release|x86.ActiveCfg = Release|Any CPU
		{A8BE4FF7-B289-4B4C-94D7-DF84182A3B5E}.Release|x86.Build.0 = Release|Any CPU
		{A213A750-EF7F-44F8-A29F-A2C91939E50E}.Debug|Any CPU.ActiveCfg = Debug|Any CPU
		{A213A750-EF7F-44F8-A29F-A2C91939E50E}.Debug|Any CPU.Build.0 = Debug|Any CPU
		{A213A750-EF7F-44F8-A29F-A2C91939E50E}.Debug|x64.ActiveCfg = Debug|Any CPU
		{A213A750-EF7F-44F8-A29F-A2C91939E50E}.Debug|x64.Build.0 = Debug|Any CPU
		{A213A750-EF7F-44F8-A29F-A2C91939E50E}.Debug|x86.ActiveCfg = Debug|Any CPU
		{A213A750-EF7F-44F8-A29F-A2C91939E50E}.Debug|x86.Build.0 = Debug|Any CPU
		{A213A750-EF7F-44F8-A29F-A2C91939E50E}.Release|Any CPU.ActiveCfg = Release|Any CPU
		{A213A750-EF7F-44F8-A29F-A2C91939E50E}.Release|Any CPU.Build.0 = Release|Any CPU
		{A213A750-EF7F-44F8-A29F-A2C91939E50E}.Release|x64.ActiveCfg = Release|Any CPU
		{A213A750-EF7F-44F8-A29F-A2C91939E50E}.Release|x64.Build.0 = Release|Any CPU
		{A213A750-EF7F-44F8-A29F-A2C91939E50E}.Release|x86.ActiveCfg = Release|Any CPU
		{A213A750-EF7F-44F8-A29F-A2C91939E50E}.Release|x86.Build.0 = Release|Any CPU
		{34268D7D-5E4A-4334-9625-9C08D383C92A}.Debug|Any CPU.ActiveCfg = Debug|Any CPU
		{34268D7D-5E4A-4334-9625-9C08D383C92A}.Debug|Any CPU.Build.0 = Debug|Any CPU
		{34268D7D-5E4A-4334-9625-9C08D383C92A}.Debug|x64.ActiveCfg = Debug|Any CPU
		{34268D7D-5E4A-4334-9625-9C08D383C92A}.Debug|x64.Build.0 = Debug|Any CPU
		{34268D7D-5E4A-4334-9625-9C08D383C92A}.Debug|x86.ActiveCfg = Debug|Any CPU
		{34268D7D-5E4A-4334-9625-9C08D383C92A}.Debug|x86.Build.0 = Debug|Any CPU
		{34268D7D-5E4A-4334-9625-9C08D383C92A}.Release|Any CPU.ActiveCfg = Release|Any CPU
		{34268D7D-5E4A-4334-9625-9C08D383C92A}.Release|Any CPU.Build.0 = Release|Any CPU
		{34268D7D-5E4A-4334-9625-9C08D383C92A}.Release|x64.ActiveCfg = Release|Any CPU
		{34268D7D-5E4A-4334-9625-9C08D383C92A}.Release|x64.Build.0 = Release|Any CPU
		{34268D7D-5E4A-4334-9625-9C08D383C92A}.Release|x86.ActiveCfg = Release|Any CPU
		{34268D7D-5E4A-4334-9625-9C08D383C92A}.Release|x86.Build.0 = Release|Any CPU
		{760972FD-B031-4FC5-96DE-3875ACBD359E}.Debug|Any CPU.ActiveCfg = Debug|Any CPU
		{760972FD-B031-4FC5-96DE-3875ACBD359E}.Debug|Any CPU.Build.0 = Debug|Any CPU
		{760972FD-B031-4FC5-96DE-3875ACBD359E}.Debug|x64.ActiveCfg = Debug|Any CPU
		{760972FD-B031-4FC5-96DE-3875ACBD359E}.Debug|x64.Build.0 = Debug|Any CPU
		{760972FD-B031-4FC5-96DE-3875ACBD359E}.Debug|x86.ActiveCfg = Debug|Any CPU
		{760972FD-B031-4FC5-96DE-3875ACBD359E}.Debug|x86.Build.0 = Debug|Any CPU
		{760972FD-B031-4FC5-96DE-3875ACBD359E}.Release|Any CPU.ActiveCfg = Release|Any CPU
		{760972FD-B031-4FC5-96DE-3875ACBD359E}.Release|Any CPU.Build.0 = Release|Any CPU
		{760972FD-B031-4FC5-96DE-3875ACBD359E}.Release|x64.ActiveCfg = Release|Any CPU
		{760972FD-B031-4FC5-96DE-3875ACBD359E}.Release|x64.Build.0 = Release|Any CPU
		{760972FD-B031-4FC5-96DE-3875ACBD359E}.Release|x86.ActiveCfg = Release|Any CPU
		{760972FD-B031-4FC5-96DE-3875ACBD359E}.Release|x86.Build.0 = Release|Any CPU
		{88AAE3CC-A47C-4F89-A336-213EBC19AC6B}.Debug|Any CPU.ActiveCfg = Debug|Any CPU
		{88AAE3CC-A47C-4F89-A336-213EBC19AC6B}.Debug|Any CPU.Build.0 = Debug|Any CPU
		{88AAE3CC-A47C-4F89-A336-213EBC19AC6B}.Debug|x64.ActiveCfg = Debug|Any CPU
		{88AAE3CC-A47C-4F89-A336-213EBC19AC6B}.Debug|x64.Build.0 = Debug|Any CPU
		{88AAE3CC-A47C-4F89-A336-213EBC19AC6B}.Debug|x86.ActiveCfg = Debug|Any CPU
		{88AAE3CC-A47C-4F89-A336-213EBC19AC6B}.Debug|x86.Build.0 = Debug|Any CPU
		{88AAE3CC-A47C-4F89-A336-213EBC19AC6B}.Release|Any CPU.ActiveCfg = Release|Any CPU
		{88AAE3CC-A47C-4F89-A336-213EBC19AC6B}.Release|Any CPU.Build.0 = Release|Any CPU
		{88AAE3CC-A47C-4F89-A336-213EBC19AC6B}.Release|x64.ActiveCfg = Release|Any CPU
		{88AAE3CC-A47C-4F89-A336-213EBC19AC6B}.Release|x64.Build.0 = Release|Any CPU
		{88AAE3CC-A47C-4F89-A336-213EBC19AC6B}.Release|x86.ActiveCfg = Release|Any CPU
		{88AAE3CC-A47C-4F89-A336-213EBC19AC6B}.Release|x86.Build.0 = Release|Any CPU
		{C9EBD50E-A9B9-4ABA-B746-56108C6BCEDB}.Debug|Any CPU.ActiveCfg = Debug|Any CPU
		{C9EBD50E-A9B9-4ABA-B746-56108C6BCEDB}.Debug|Any CPU.Build.0 = Debug|Any CPU
		{C9EBD50E-A9B9-4ABA-B746-56108C6BCEDB}.Debug|x64.ActiveCfg = Debug|Any CPU
		{C9EBD50E-A9B9-4ABA-B746-56108C6BCEDB}.Debug|x64.Build.0 = Debug|Any CPU
		{C9EBD50E-A9B9-4ABA-B746-56108C6BCEDB}.Debug|x86.ActiveCfg = Debug|Any CPU
		{C9EBD50E-A9B9-4ABA-B746-56108C6BCEDB}.Debug|x86.Build.0 = Debug|Any CPU
		{C9EBD50E-A9B9-4ABA-B746-56108C6BCEDB}.Release|Any CPU.ActiveCfg = Release|Any CPU
		{C9EBD50E-A9B9-4ABA-B746-56108C6BCEDB}.Release|Any CPU.Build.0 = Release|Any CPU
		{C9EBD50E-A9B9-4ABA-B746-56108C6BCEDB}.Release|x64.ActiveCfg = Release|Any CPU
		{C9EBD50E-A9B9-4ABA-B746-56108C6BCEDB}.Release|x64.Build.0 = Release|Any CPU
		{C9EBD50E-A9B9-4ABA-B746-56108C6BCEDB}.Release|x86.ActiveCfg = Release|Any CPU
		{C9EBD50E-A9B9-4ABA-B746-56108C6BCEDB}.Release|x86.Build.0 = Release|Any CPU
		{EABCA48E-D15A-4155-9AEB-E036D3D7D3B8}.Debug|Any CPU.ActiveCfg = Debug|Any CPU
		{EABCA48E-D15A-4155-9AEB-E036D3D7D3B8}.Debug|Any CPU.Build.0 = Debug|Any CPU
		{EABCA48E-D15A-4155-9AEB-E036D3D7D3B8}.Debug|x64.ActiveCfg = Debug|Any CPU
		{EABCA48E-D15A-4155-9AEB-E036D3D7D3B8}.Debug|x64.Build.0 = Debug|Any CPU
		{EABCA48E-D15A-4155-9AEB-E036D3D7D3B8}.Debug|x86.ActiveCfg = Debug|Any CPU
		{EABCA48E-D15A-4155-9AEB-E036D3D7D3B8}.Debug|x86.Build.0 = Debug|Any CPU
		{EABCA48E-D15A-4155-9AEB-E036D3D7D3B8}.Release|Any CPU.ActiveCfg = Release|Any CPU
		{EABCA48E-D15A-4155-9AEB-E036D3D7D3B8}.Release|Any CPU.Build.0 = Release|Any CPU
		{EABCA48E-D15A-4155-9AEB-E036D3D7D3B8}.Release|x64.ActiveCfg = Release|Any CPU
		{EABCA48E-D15A-4155-9AEB-E036D3D7D3B8}.Release|x64.Build.0 = Release|Any CPU
		{EABCA48E-D15A-4155-9AEB-E036D3D7D3B8}.Release|x86.ActiveCfg = Release|Any CPU
		{EABCA48E-D15A-4155-9AEB-E036D3D7D3B8}.Release|x86.Build.0 = Release|Any CPU
	EndGlobalSection
	GlobalSection(SolutionProperties) = preSolution
		HideSolutionNode = FALSE
	EndGlobalSection
	GlobalSection(NestedProjects) = preSolution
		{442C6020-A88C-4CA4-8F04-056F5D0FE1A0} = {827E0CD3-B72D-47B6-A68D-7590B98EB39B}
		{681B0432-ACFF-43A7-B7A7-85C1B7D90555} = {827E0CD3-B72D-47B6-A68D-7590B98EB39B}
		{1FF9D7B1-1238-4592-B976-5A8E535E20AD} = {827E0CD3-B72D-47B6-A68D-7590B98EB39B}
		{E7C66E81-E1A5-49F3-A7A6-24D823D10C79} = {827E0CD3-B72D-47B6-A68D-7590B98EB39B}
		{53A5D26F-DF5D-4766-A28D-AF50DC8EFAE9} = {827E0CD3-B72D-47B6-A68D-7590B98EB39B}
		{A8BE4FF7-B289-4B4C-94D7-DF84182A3B5E} = {827E0CD3-B72D-47B6-A68D-7590B98EB39B}
		{A213A750-EF7F-44F8-A29F-A2C91939E50E} = {827E0CD3-B72D-47B6-A68D-7590B98EB39B}
		{34268D7D-5E4A-4334-9625-9C08D383C92A} = {827E0CD3-B72D-47B6-A68D-7590B98EB39B}
		{760972FD-B031-4FC5-96DE-3875ACBD359E} = {827E0CD3-B72D-47B6-A68D-7590B98EB39B}
		{88AAE3CC-A47C-4F89-A336-213EBC19AC6B} = {827E0CD3-B72D-47B6-A68D-7590B98EB39B}
		{C9EBD50E-A9B9-4ABA-B746-56108C6BCEDB} = {827E0CD3-B72D-47B6-A68D-7590B98EB39B}
		{EABCA48E-D15A-4155-9AEB-E036D3D7D3B8} = {827E0CD3-B72D-47B6-A68D-7590B98EB39B}
	EndGlobalSection
EndGlobal
